// !$*UTF8*$!
{
	archiveVersion = 1;
	classes = {
	};
	objectVersion = 50;
	objects = {

/* Begin PBXBuildFile section */
		5E764CD921A020E400CA9530 /* AppDelegate.swift in Sources */ = {isa = PBXBuildFile; fileRef = 5E764CD821A020E400CA9530 /* AppDelegate.swift */; };
		5E764CDB21A020E400CA9530 /* ViewController.swift in Sources */ = {isa = PBXBuildFile; fileRef = 5E764CDA21A020E400CA9530 /* ViewController.swift */; };
		5E764CDE21A020E400CA9530 /* Main.storyboard in Resources */ = {isa = PBXBuildFile; fileRef = 5E764CDC21A020E400CA9530 /* Main.storyboard */; };
		5E764CE021A020ED00CA9530 /* Assets.xcassets in Resources */ = {isa = PBXBuildFile; fileRef = 5E764CDF21A020ED00CA9530 /* Assets.xcassets */; };
		5E764CE321A020ED00CA9530 /* LaunchScreen.storyboard in Resources */ = {isa = PBXBuildFile; fileRef = 5E764CE121A020ED00CA9530 /* LaunchScreen.storyboard */; };
		5E764CEE21A020ED00CA9530 /* countTests.swift in Sources */ = {isa = PBXBuildFile; fileRef = 5E764CED21A020ED00CA9530 /* countTests.swift */; };
		5E764CF921A020ED00CA9530 /* countUITests.swift in Sources */ = {isa = PBXBuildFile; fileRef = 5E764CF821A020ED00CA9530 /* countUITests.swift */; };
/* End PBXBuildFile section */

/* Begin PBXContainerItemProxy section */
		5E764CEA21A020ED00CA9530 /* PBXContainerItemProxy */ = {
			isa = PBXContainerItemProxy;
			containerPortal = 5E764CCD21A020E400CA9530 /* Project object */;
			proxyType = 1;
			remoteGlobalIDString = 5E764CD421A020E400CA9530;
			remoteInfo = count;
		};
		5E764CF521A020ED00CA9530 /* PBXContainerItemProxy */ = {
			isa = PBXContainerItemProxy;
			containerPortal = 5E764CCD21A020E400CA9530 /* Project object */;
			proxyType = 1;
			remoteGlobalIDString = 5E764CD421A020E400CA9530;
			remoteInfo = count;
		};
/* End PBXContainerItemProxy section */

/* Begin PBXFileReference section */
		5E764CD521A020E400CA9530 /* count.app */ = {isa = PBXFileReference; explicitFileType = wrapper.application; includeInIndex = 0; path = count.app; sourceTree = BUILT_PRODUCTS_DIR; };
		5E764CD821A020E400CA9530 /* AppDelegate.swift */ = {isa = PBXFileReference; lastKnownFileType = sourcecode.swift; path = AppDelegate.swift; sourceTree = "<group>"; };
		5E764CDA21A020E400CA9530 /* ViewController.swift */ = {isa = PBXFileReference; lastKnownFileType = sourcecode.swift; path = ViewController.swift; sourceTree = "<group>"; };
		5E764CDD21A020E400CA9530 /* Base */ = {isa = PBXFileReference; lastKnownFileType = file.storyboard; name = Base; path = Base.lproj/Main.storyboard; sourceTree = "<group>"; };
		5E764CDF21A020ED00CA9530 /* Assets.xcassets */ = {isa = PBXFileReference; lastKnownFileType = folder.assetcatalog; path = Assets.xcassets; sourceTree = "<group>"; };
		5E764CE221A020ED00CA9530 /* Base */ = {isa = PBXFileReference; lastKnownFileType = file.storyboard; name = Base; path = Base.lproj/LaunchScreen.storyboard; sourceTree = "<group>"; };
		5E764CE421A020ED00CA9530 /* Info.plist */ = {isa = PBXFileReference; lastKnownFileType = text.plist.xml; path = Info.plist; sourceTree = "<group>"; };
		5E764CE921A020ED00CA9530 /* countTests.xctest */ = {isa = PBXFileReference; explicitFileType = wrapper.cfbundle; includeInIndex = 0; path = countTests.xctest; sourceTree = BUILT_PRODUCTS_DIR; };
		5E764CED21A020ED00CA9530 /* countTests.swift */ = {isa = PBXFileReference; lastKnownFileType = sourcecode.swift; path = countTests.swift; sourceTree = "<group>"; };
		5E764CEF21A020ED00CA9530 /* Info.plist */ = {isa = PBXFileReference; lastKnownFileType = text.plist.xml; path = Info.plist; sourceTree = "<group>"; };
		5E764CF421A020ED00CA9530 /* countUITests.xctest */ = {isa = PBXFileReference; explicitFileType = wrapper.cfbundle; includeInIndex = 0; path = countUITests.xctest; sourceTree = BUILT_PRODUCTS_DIR; };
		5E764CF821A020ED00CA9530 /* countUITests.swift */ = {isa = PBXFileReference; lastKnownFileType = sourcecode.swift; path = countUITests.swift; sourceTree = "<group>"; };
		5E764CFA21A020ED00CA9530 /* Info.plist */ = {isa = PBXFileReference; lastKnownFileType = text.plist.xml; path = Info.plist; sourceTree = "<group>"; };
/* End PBXFileReference section */

/* Begin PBXFrameworksBuildPhase section */
		5E764CD221A020E400CA9530 /* Frameworks */ = {
			isa = PBXFrameworksBuildPhase;
			buildActionMask = 2147483647;
			files = (
			);
			runOnlyForDeploymentPostprocessing = 0;
		};
		5E764CE621A020ED00CA9530 /* Frameworks */ = {
			isa = PBXFrameworksBuildPhase;
			buildActionMask = 2147483647;
			files = (
			);
			runOnlyForDeploymentPostprocessing = 0;
		};
		5E764CF121A020ED00CA9530 /* Frameworks */ = {
			isa = PBXFrameworksBuildPhase;
			buildActionMask = 2147483647;
			files = (
			);
			runOnlyForDeploymentPostprocessing = 0;
		};
/* End PBXFrameworksBuildPhase section */

/* Begin PBXGroup section */
		5E764CCC21A020E400CA9530 = {
			isa = PBXGroup;
			children = (
				5E764CD721A020E400CA9530 /* count */,
				5E764CEC21A020ED00CA9530 /* countTests */,
				5E764CF721A020ED00CA9530 /* countUITests */,
				5E764CD621A020E400CA9530 /* Products */,
			);
			sourceTree = "<group>";
		};
		5E764CD621A020E400CA9530 /* Products */ = {
			isa = PBXGroup;
			children = (
				5E764CD521A020E400CA9530 /* count.app */,
				5E764CE921A020ED00CA9530 /* countTests.xctest */,
				5E764CF421A020ED00CA9530 /* countUITests.xctest */,
			);
			name = Products;
			sourceTree = "<group>";
		};
		5E764CD721A020E400CA9530 /* count */ = {
			isa = PBXGroup;
			children = (
				5E764CD821A020E400CA9530 /* AppDelegate.swift */,
				5E764CDA21A020E400CA9530 /* ViewController.swift */,
				5E764CDC21A020E400CA9530 /* Main.storyboard */,
				5E764CDF21A020ED00CA9530 /* Assets.xcassets */,
				5E764CE121A020ED00CA9530 /* LaunchScreen.storyboard */,
				5E764CE421A020ED00CA9530 /* Info.plist */,
			);
			path = count;
			sourceTree = "<group>";
		};
		5E764CEC21A020ED00CA9530 /* countTests */ = {
			isa = PBXGroup;
			children = (
				5E764CED21A020ED00CA9530 /* countTests.swift */,
				5E764CEF21A020ED00CA9530 /* Info.plist */,
			);
			path = countTests;
			sourceTree = "<group>";
		};
		5E764CF721A020ED00CA9530 /* countUITests */ = {
			isa = PBXGroup;
			children = (
				5E764CF821A020ED00CA9530 /* countUITests.swift */,
				5E764CFA21A020ED00CA9530 /* Info.plist */,
			);
			path = countUITests;
			sourceTree = "<group>";
		};
/* End PBXGroup section */

/* Begin PBXNativeTarget section */
		5E764CD421A020E400CA9530 /* count */ = {
			isa = PBXNativeTarget;
			buildConfigurationList = 5E764CFD21A020ED00CA9530 /* Build configuration list for PBXNativeTarget "count" */;
			buildPhases = (
				5E764CD121A020E400CA9530 /* Sources */,
				5E764CD221A020E400CA9530 /* Frameworks */,
				5E764CD321A020E400CA9530 /* Resources */,
			);
			buildRules = (
			);
			dependencies = (
			);
			name = count;
			productName = count;
			productReference = 5E764CD521A020E400CA9530 /* count.app */;
			productType = "com.apple.product-type.application";
		};
		5E764CE821A020ED00CA9530 /* countTests */ = {
			isa = PBXNativeTarget;
			buildConfigurationList = 5E764D0021A020ED00CA9530 /* Build configuration list for PBXNativeTarget "countTests" */;
			buildPhases = (
				5E764CE521A020ED00CA9530 /* Sources */,
				5E764CE621A020ED00CA9530 /* Frameworks */,
				5E764CE721A020ED00CA9530 /* Resources */,
			);
			buildRules = (
			);
			dependencies = (
				5E764CEB21A020ED00CA9530 /* PBXTargetDependency */,
			);
			name = countTests;
			productName = countTests;
			productReference = 5E764CE921A020ED00CA9530 /* countTests.xctest */;
			productType = "com.apple.product-type.bundle.unit-test";
		};
		5E764CF321A020ED00CA9530 /* countUITests */ = {
			isa = PBXNativeTarget;
			buildConfigurationList = 5E764D0321A020ED00CA9530 /* Build configuration list for PBXNativeTarget "countUITests" */;
			buildPhases = (
				5E764CF021A020ED00CA9530 /* Sources */,
				5E764CF121A020ED00CA9530 /* Frameworks */,
				5E764CF221A020ED00CA9530 /* Resources */,
			);
			buildRules = (
			);
			dependencies = (
				5E764CF621A020ED00CA9530 /* PBXTargetDependency */,
			);
			name = countUITests;
			productName = countUITests;
			productReference = 5E764CF421A020ED00CA9530 /* countUITests.xctest */;
			productType = "com.apple.product-type.bundle.ui-testing";
		};
/* End PBXNativeTarget section */

/* Begin PBXProject section */
		5E764CCD21A020E400CA9530 /* Project object */ = {
			isa = PBXProject;
			attributes = {
				LastSwiftUpdateCheck = 1010;
				LastUpgradeCheck = 1010;
				ORGANIZATIONNAME = "杉浦文哉";
				TargetAttributes = {
					5E764CD421A020E400CA9530 = {
						CreatedOnToolsVersion = 10.1;
					};
					5E764CE821A020ED00CA9530 = {
						CreatedOnToolsVersion = 10.1;
						TestTargetID = 5E764CD421A020E400CA9530;
					};
					5E764CF321A020ED00CA9530 = {
						CreatedOnToolsVersion = 10.1;
						TestTargetID = 5E764CD421A020E400CA9530;
					};
				};
			};
			buildConfigurationList = 5E764CD021A020E400CA9530 /* Build configuration list for PBXProject "count" */;
			compatibilityVersion = "Xcode 9.3";
			developmentRegion = en;
			hasScannedForEncodings = 0;
			knownRegions = (
				en,
				Base,
			);
			mainGroup = 5E764CCC21A020E400CA9530;
			productRefGroup = 5E764CD621A020E400CA9530 /* Products */;
			projectDirPath = "";
			projectRoot = "";
			targets = (
				5E764CD421A020E400CA9530 /* count */,
				5E764CE821A020ED00CA9530 /* countTests */,
				5E764CF321A020ED00CA9530 /* countUITests */,
			);
		};
/* End PBXProject section */

/* Begin PBXResourcesBuildPhase section */
		5E764CD321A020E400CA9530 /* Resources */ = {
			isa = PBXResourcesBuildPhase;
			buildActionMask = 2147483647;
			files = (
				5E764CE321A020ED00CA9530 /* LaunchScreen.storyboard in Resources */,
				5E764CE021A020ED00CA9530 /* Assets.xcassets in Resources */,
				5E764CDE21A020E400CA9530 /* Main.storyboard in Resources */,
			);
			runOnlyForDeploymentPostprocessing = 0;
		};
		5E764CE721A020ED00CA9530 /* Resources */ = {
			isa = PBXResourcesBuildPhase;
			buildActionMask = 2147483647;
			files = (
			);
			runOnlyForDeploymentPostprocessing = 0;
		};
		5E764CF221A020ED00CA9530 /* Resources */ = {
			isa = PBXResourcesBuildPhase;
			buildActionMask = 2147483647;
			files = (
			);
			runOnlyForDeploymentPostprocessing = 0;
		};
/* End PBXResourcesBuildPhase section */

/* Begin PBXSourcesBuildPhase section */
		5E764CD121A020E400CA9530 /* Sources */ = {
			isa = PBXSourcesBuildPhase;
			buildActionMask = 2147483647;
			files = (
				5E764CDB21A020E400CA9530 /* ViewController.swift in Sources */,
				5E764CD921A020E400CA9530 /* AppDelegate.swift in Sources */,
			);
			runOnlyForDeploymentPostprocessing = 0;
		};
		5E764CE521A020ED00CA9530 /* Sources */ = {
			isa = PBXSourcesBuildPhase;
			buildActionMask = 2147483647;
			files = (
				5E764CEE21A020ED00CA9530 /* countTests.swift in Sources */,
			);
			runOnlyForDeploymentPostprocessing = 0;
		};
		5E764CF021A020ED00CA9530 /* Sources */ = {
			isa = PBXSourcesBuildPhase;
			buildActionMask = 2147483647;
			files = (
				5E764CF921A020ED00CA9530 /* countUITests.swift in Sources */,
			);
			runOnlyForDeploymentPostprocessing = 0;
		};
/* End PBXSourcesBuildPhase section */

/* Begin PBXTargetDependency section */
		5E764CEB21A020ED00CA9530 /* PBXTargetDependency */ = {
			isa = PBXTargetDependency;
			target = 5E764CD421A020E400CA9530 /* count */;
			targetProxy = 5E764CEA21A020ED00CA9530 /* PBXContainerItemProxy */;
		};
		5E764CF621A020ED00CA9530 /* PBXTargetDependency */ = {
			isa = PBXTargetDependency;
			target = 5E764CD421A020E400CA9530 /* count */;
			targetProxy = 5E764CF521A020ED00CA9530 /* PBXContainerItemProxy */;
		};
/* End PBXTargetDependency section */

/* Begin PBXVariantGroup section */
		5E764CDC21A020E400CA9530 /* Main.storyboard */ = {
			isa = PBXVariantGroup;
			children = (
				5E764CDD21A020E400CA9530 /* Base */,
			);
			name = Main.storyboard;
			sourceTree = "<group>";
		};
		5E764CE121A020ED00CA9530 /* LaunchScreen.storyboard */ = {
			isa = PBXVariantGroup;
			children = (
				5E764CE221A020ED00CA9530 /* Base */,
			);
			name = LaunchScreen.storyboard;
			sourceTree = "<group>";
		};
/* End PBXVariantGroup section */

/* Begin XCBuildConfiguration section */
		5E764CFB21A020ED00CA9530 /* Debug */ = {
			isa = XCBuildConfiguration;
			buildSettings = {
				ALWAYS_SEARCH_USER_PATHS = NO;
				CLANG_ANALYZER_NONNULL = YES;
				CLANG_ANALYZER_NUMBER_OBJECT_CONVERSION = YES_AGGRESSIVE;
				CLANG_CXX_LANGUAGE_STANDARD = "gnu++14";
				CLANG_CXX_LIBRARY = "libc++";
				CLANG_ENABLE_MODULES = YES;
				CLANG_ENABLE_OBJC_ARC = YES;
				CLANG_ENABLE_OBJC_WEAK = YES;
				CLANG_WARN_BLOCK_CAPTURE_AUTORELEASING = YES;
				CLANG_WARN_BOOL_CONVERSION = YES;
				CLANG_WARN_COMMA = YES;
				CLANG_WARN_CONSTANT_CONVERSION = YES;
				CLANG_WARN_DEPRECATED_OBJC_IMPLEMENTATIONS = YES;
				CLANG_WARN_DIRECT_OBJC_ISA_USAGE = YES_ERROR;
				CLANG_WARN_DOCUMENTATION_COMMENTS = YES;
				CLANG_WARN_EMPTY_BODY = YES;
				CLANG_WARN_ENUM_CONVERSION = YES;
				CLANG_WARN_INFINITE_RECURSION = YES;
				CLANG_WARN_INT_CONVERSION = YES;
				CLANG_WARN_NON_LITERAL_NULL_CONVERSION = YES;
				CLANG_WARN_OBJC_IMPLICIT_RETAIN_SELF = YES;
				CLANG_WARN_OBJC_LITERAL_CONVERSION = YES;
				CLANG_WARN_OBJC_ROOT_CLASS = YES_ERROR;
				CLANG_WARN_RANGE_LOOP_ANALYSIS = YES;
				CLANG_WARN_STRICT_PROTOTYPES = YES;
				CLANG_WARN_SUSPICIOUS_MOVE = YES;
				CLANG_WARN_UNGUARDED_AVAILABILITY = YES_AGGRESSIVE;
				CLANG_WARN_UNREACHABLE_CODE = YES;
				CLANG_WARN__DUPLICATE_METHOD_MATCH = YES;
				CODE_SIGN_IDENTITY = "iPhone Developer";
				COPY_PHASE_STRIP = NO;
				DEBUG_INFORMATION_FORMAT = dwarf;
				ENABLE_STRICT_OBJC_MSGSEND = YES;
				ENABLE_TESTABILITY = YES;
				GCC_C_LANGUAGE_STANDARD = gnu11;
				GCC_DYNAMIC_NO_PIC = NO;
				GCC_NO_COMMON_BLOCKS = YES;
				GCC_OPTIMIZATION_LEVEL = 0;
				GCC_PREPROCESSOR_DEFINITIONS = (
					"DEBUG=1",
					"$(inherited)",
				);
				GCC_WARN_64_TO_32_BIT_CONVERSION = YES;
				GCC_WARN_ABOUT_RETURN_TYPE = YES_ERROR;
				GCC_WARN_UNDECLARED_SELECTOR = YES;
				GCC_WARN_UNINITIALIZED_AUTOS = YES_AGGRESSIVE;
				GCC_WARN_UNUSED_FUNCTION = YES;
				GCC_WARN_UNUSED_VARIABLE = YES;
				IPHONEOS_DEPLOYMENT_TARGET = 12.1;
				MTL_ENABLE_DEBUG_INFO = INCLUDE_SOURCE;
				MTL_FAST_MATH = YES;
				ONLY_ACTIVE_ARCH = YES;
				SDKROOT = iphoneos;
				SWIFT_ACTIVE_COMPILATION_CONDITIONS = DEBUG;
				SWIFT_OPTIMIZATION_LEVEL = "-Onone";
			};
			name = Debug;
		};
		5E764CFC21A020ED00CA9530 /* Release */ = {
			isa = XCBuildConfiguration;
			buildSettings = {
				ALWAYS_SEARCH_USER_PATHS = NO;
				CLANG_ANALYZER_NONNULL = YES;
				CLANG_ANALYZER_NUMBER_OBJECT_CONVERSION = YES_AGGRESSIVE;
				CLANG_CXX_LANGUAGE_STANDARD = "gnu++14";
				CLANG_CXX_LIBRARY = "libc++";
				CLANG_ENABLE_MODULES = YES;
				CLANG_ENABLE_OBJC_ARC = YES;
				CLANG_ENABLE_OBJC_WEAK = YES;
				CLANG_WARN_BLOCK_CAPTURE_AUTORELEASING = YES;
				CLANG_WARN_BOOL_CONVERSION = YES;
				CLANG_WARN_COMMA = YES;
				CLANG_WARN_CONSTANT_CONVERSION = YES;
				CLANG_WARN_DEPRECATED_OBJC_IMPLEMENTATIONS = YES;
				CLANG_WARN_DIRECT_OBJC_ISA_USAGE = YES_ERROR;
				CLANG_WARN_DOCUMENTATION_COMMENTS = YES;
				CLANG_WARN_EMPTY_BODY = YES;
				CLANG_WARN_ENUM_CONVERSION = YES;
				CLANG_WARN_INFINITE_RECURSION = YES;
				CLANG_WARN_INT_CONVERSION = YES;
				CLANG_WARN_NON_LITERAL_NULL_CONVERSION = YES;
				CLANG_WARN_OBJC_IMPLICIT_RETAIN_SELF = YES;
				CLANG_WARN_OBJC_LITERAL_CONVERSION = YES;
				CLANG_WARN_OBJC_ROOT_CLASS = YES_ERROR;
				CLANG_WARN_RANGE_LOOP_ANALYSIS = YES;
				CLANG_WARN_STRICT_PROTOTYPES = YES;
				CLANG_WARN_SUSPICIOUS_MOVE = YES;
				CLANG_WARN_UNGUARDED_AVAILABILITY = YES_AGGRESSIVE;
				CLANG_WARN_UNREACHABLE_CODE = YES;
				CLANG_WARN__DUPLICATE_METHOD_MATCH = YES;
				CODE_SIGN_IDENTITY = "iPhone Developer";
				COPY_PHASE_STRIP = NO;
				DEBUG_INFORMATION_FORMAT = "dwarf-with-dsym";
				ENABLE_NS_ASSERTIONS = NO;
				ENABLE_STRICT_OBJC_MSGSEND = YES;
				GCC_C_LANGUAGE_STANDARD = gnu11;
				GCC_NO_COMMON_BLOCKS = YES;
				GCC_WARN_64_TO_32_BIT_CONVERSION = YES;
				GCC_WARN_ABOUT_RETURN_TYPE = YES_ERROR;
				GCC_WARN_UNDECLARED_SELECTOR = YES;
				GCC_WARN_UNINITIALIZED_AUTOS = YES_AGGRESSIVE;
				GCC_WARN_UNUSED_FUNCTION = YES;
				GCC_WARN_UNUSED_VARIABLE = YES;
				IPHONEOS_DEPLOYMENT_TARGET = 12.1;
				MTL_ENABLE_DEBUG_INFO = NO;
				MTL_FAST_MATH = YES;
				SDKROOT = iphoneos;
				SWIFT_COMPILATION_MODE = wholemodule;
				SWIFT_OPTIMIZATION_LEVEL = "-O";
				VALIDATE_PRODUCT = YES;
			};
			name = Release;
		};
		5E764CFE21A020ED00CA9530 /* Debug */ = {
			isa = XCBuildConfiguration;
			buildSettings = {
				ASSETCATALOG_COMPILER_APPICON_NAME = AppIcon;
				CODE_SIGN_STYLE = Automatic;
				DEVELOPMENT_TEAM = MBGPH5YU34;
				INFOPLIST_FILE = count/Info.plist;
				LD_RUNPATH_SEARCH_PATHS = (
					"$(inherited)",
					"@executable_path/Frameworks",
				);
				PRODUCT_BUNDLE_IDENTIFIER = fumiya.sugiura.count;
				PRODUCT_NAME = "$(TARGET_NAME)";
				SWIFT_VERSION = 4.2;
				TARGETED_DEVICE_FAMILY = "1,2";
			};
			name = Debug;
		};
		5E764CFF21A020ED00CA9530 /* Release */ = {
			isa = XCBuildConfiguration;
			buildSettings = {
				ASSETCATALOG_COMPILER_APPICON_NAME = AppIcon;
				CODE_SIGN_STYLE = Automatic;
				DEVELOPMENT_TEAM = MBGPH5YU34;
				INFOPLIST_FILE = count/Info.plist;
				LD_RUNPATH_SEARCH_PATHS = (
					"$(inherited)",
					"@executable_path/Frameworks",
				);
				PRODUCT_BUNDLE_IDENTIFIER = fumiya.sugiura.count;
				PRODUCT_NAME = "$(TARGET_NAME)";
				SWIFT_VERSION = 4.2;
				TARGETED_DEVICE_FAMILY = "1,2";
			};
			name = Release;
		};
		5E764D0121A020ED00CA9530 /* Debug */ = {
			isa = XCBuildConfiguration;
			buildSettings = {
				ALWAYS_EMBED_SWIFT_STANDARD_LIBRARIES = YES;
				BUNDLE_LOADER = "$(TEST_HOST)";
				CODE_SIGN_STYLE = Automatic;
				DEVELOPMENT_TEAM = MBGPH5YU34;
				INFOPLIST_FILE = countTests/Info.plist;
				LD_RUNPATH_SEARCH_PATHS = (
					"$(inherited)",
					"@executable_path/Frameworks",
					"@loader_path/Frameworks",
				);
				PRODUCT_BUNDLE_IDENTIFIER = fumiya.sugiura.countTests;
				PRODUCT_NAME = "$(TARGET_NAME)";
				SWIFT_VERSION = 4.2;
				TARGETED_DEVICE_FAMILY = "1,2";
				TEST_HOST = "$(BUILT_PRODUCTS_DIR)/count.app/count";
			};
			name = Debug;
		};
		5E764D0221A020ED00CA9530 /* Release */ = {
			isa = XCBuildConfiguration;
			buildSettings = {
				ALWAYS_EMBED_SWIFT_STANDARD_LIBRARIES = YES;
				BUNDLE_LOADER = "$(TEST_HOST)";
				CODE_SIGN_STYLE = Automatic;
				DEVELOPMENT_TEAM = MBGPH5YU34;
				INFOPLIST_FILE = countTests/Info.plist;
				LD_RUNPATH_SEARCH_PATHS = (
					"$(inherited)",
					"@executable_path/Frameworks",
					"@loader_path/Frameworks",
				);
				PRODUCT_BUNDLE_IDENTIFIER = fumiya.sugiura.countTests;
				PRODUCT_NAME = "$(TARGET_NAME)";
				SWIFT_VERSION = 4.2;
				TARGETED_DEVICE_FAMILY = "1,2";
				TEST_HOST = "$(BUILT_PRODUCTS_DIR)/count.app/count";
			};
			name = Release;
		};
		5E764D0421A020ED00CA9530 /* Debug */ = {
			isa = XCBuildConfiguration;
			buildSettings = {
				ALWAYS_EMBED_SWIFT_STANDARD_LIBRARIES = YES;
				CODE_SIGN_STYLE = Automatic;
				DEVELOPMENT_TEAM = MBGPH5YU34;
				INFOPLIST_FILE = countUITests/Info.plist;
				LD_RUNPATH_SEARCH_PATHS = (
					"$(inherited)",
					"@executable_path/Frameworks",
					"@loader_path/Frameworks",
				);
				PRODUCT_BUNDLE_IDENTIFIER = fumiya.sugiura.countUITests;
				PRODUCT_NAME = "$(TARGET_NAME)";
				SWIFT_VERSION = 4.2;
				TARGETED_DEVICE_FAMILY = "1,2";
				TEST_TARGET_NAME = count;
			};
			name = Debug;
		};
		5E764D0521A020ED00CA9530 /* Release */ = {
			isa = XCBuildConfiguration;
			buildSettings = {
				ALWAYS_EMBED_SWIFT_STANDARD_LIBRARIES = YES;
				CODE_SIGN_STYLE = Automatic;
				DEVELOPMENT_TEAM = MBGPH5YU34;
				INFOPLIST_FILE = countUITests/Info.plist;
				LD_RUNPATH_SEARCH_PATHS = (
					"$(inherited)",
					"@executable_path/Frameworks",
					"@loader_path/Frameworks",
				);
				PRODUCT_BUNDLE_IDENTIFIER = fumiya.sugiura.countUITests;
				PRODUCT_NAME = "$(TARGET_NAME)";
				SWIFT_VERSION = 4.2;
				TARGETED_DEVICE_FAMILY = "1,2";
				TEST_TARGET_NAME = count;
			};
			name = Release;
		};
/* End XCBuildConfiguration section */

/* Begin XCConfigurationList section */
		5E764CD021A020E400CA9530 /* Build configuration list for PBXProject "count" */ = {
			isa = XCConfigurationList;
			buildConfigurations = (
				5E764CFB21A020ED00CA9530 /* Debug */,
				5E764CFC21A020ED00CA9530 /* Release */,
			);
			defaultConfigurationIsVisible = 0;
			defaultConfigurationName = Release;
		};
		5E764CFD21A020ED00CA9530 /* Build configuration list for PBXNativeTarget "count" */ = {
			isa = XCConfigurationList;
			buildConfigurations = (
				5E764CFE21A020ED00CA9530 /* Debug */,
				5E764CFF21A020ED00CA9530 /* Release */,
			);
			defaultConfigurationIsVisible = 0;
			defaultConfigurationName = Release;
		};
		5E764D0021A020ED00CA9530 /* Build configuration list for PBXNativeTarget "countTests" */ = {
			isa = XCConfigurationList;
			buildConfigurations = (
				5E764D0121A020ED00CA9530 /* Debug */,
				5E764D0221A020ED00CA9530 /* Release */,
			);
			defaultConfigurationIsVisible = 0;
			defaultConfigurationName = Release;
		};
		5E764D0321A020ED00CA9530 /* Build configuration list for PBXNativeTarget "countUITests" */ = {
			isa = XCConfigurationList;
			buildConfigurations = (
				5E764D0421A020ED00CA9530 /* Debug */,
				5E764D0521A020ED00CA9530 /* Release */,
			);
			defaultConfigurationIsVisible = 0;
			defaultConfigurationName = Release;
		};
/* End XCConfigurationList section */
	};
	rootObject = 5E764CCD21A020E400CA9530 /* Project object */;
}
